
Microsoft Visual Studio Solution File, Format Version 12.00
# Visual Studio Version 16
VisualStudioVersion = 16.0.30011.22
MinimumVisualStudioVersion = 10.0.40219.1
Project("{FAE04EC0-301F-11D3-BF4B-00C04F79EFBC}") = "SchoolManagementSystem", "SchoolManagementSystem\SchoolManagementSystem.csproj", "{93455E16-1241-4580-807E-DD201E898E87}"
	ProjectSection(ProjectDependencies) = postProject
		{6DEE1ACA-1F57-4FF4-81C9-DC20C95A2D96} = {6DEE1ACA-1F57-4FF4-81C9-DC20C95A2D96}
	EndProjectSection
EndProject
Project("{FAE04EC0-301F-11D3-BF4B-00C04F79EFBC}") = "SchoolManagementSystemAPI", "SchoolManagementSystemAPI\SchoolManagementSystemAPI.csproj", "{6DEE1ACA-1F57-4FF4-81C9-DC20C95A2D96}"
EndProject
Global
	GlobalSection(SolutionConfigurationPlatforms) = preSolution
		Debug|Any CPU = Debug|Any CPU
		Release|Any CPU = Release|Any CPU
	EndGlobalSection
	GlobalSection(ProjectConfigurationPlatforms) = postSolution
		{93455E16-1241-4580-807E-DD201E898E87}.Debug|Any CPU.ActiveCfg = Debug|Any CPU
		{93455E16-1241-4580-807E-DD201E898E87}.Debug|Any CPU.Build.0 = Debug|Any CPU
		{93455E16-1241-4580-807E-DD201E898E87}.Release|Any CPU.ActiveCfg = Release|Any CPU
		{93455E16-1241-4580-807E-DD201E898E87}.Release|Any CPU.Build.0 = Release|Any CPU
		{6DEE1ACA-1F57-4FF4-81C9-DC20C95A2D96}.Debug|Any CPU.ActiveCfg = Debug|Any CPU
		{6DEE1ACA-1F57-4FF4-81C9-DC20C95A2D96}.Debug|Any CPU.Build.0 = Debug|Any CPU
		{6DEE1ACA-1F57-4FF4-81C9-DC20C95A2D96}.Release|Any CPU.ActiveCfg = Release|Any CPU
		{6DEE1ACA-1F57-4FF4-81C9-DC20C95A2D96}.Release|Any CPU.Build.0 = Release|Any CPU
	EndGlobalSection
	GlobalSection(SolutionProperties) = preSolution
		HideSolutionNode = FALSE
	EndGlobalSection
	GlobalSection(ExtensibilityGlobals) = postSolution
		SolutionGuid = {A8129EEA-6F9F-45A2-9C39-D543C878472D}
	EndGlobalSection
EndGlobal
